
Microsoft Visual Studio Solution File, Format Version 12.00
# Visual Studio Version 17
VisualStudioVersion = 17.10.35122.118
MinimumVisualStudioVersion = 10.0.40219.1
Project("{8BC9CEB8-8B4A-11D0-8D11-00A0C91BC942}") = "vasmak62", "vasmak62.vcxproj", "{1444DA10-3E16-4DD2-B713-D2A8B9A3A39C}"
EndProject
Global
	GlobalSection(SolutionConfigurationPlatforms) = preSolution
		Debug|x64 = Debug|x64
		Debug|x86 = Debug|x86
		Release|x64 = Release|x64
		Release|x86 = Release|x86
	EndGlobalSection
	GlobalSection(ProjectConfigurationPlatforms) = postSolution
		{1444DA10-3E16-4DD2-B713-D2A8B9A3A39C}.Debug|x64.ActiveCfg = Debug|x64
		{1444DA10-3E16-4DD2-B713-D2A8B9A3A39C}.Debug|x64.Build.0 = Debug|x64
		{1444DA10-3E16-4DD2-B713-D2A8B9A3A39C}.Debug|x86.ActiveCfg = Debug|Win32
		{1444DA10-3E16-4DD2-B713-D2A8B9A3A39C}.Debug|x86.Build.0 = Debug|Win32
		{1444DA10-3E16-4DD2-B713-D2A8B9A3A39C}.Release|x64.ActiveCfg = Release|x64
		{1444DA10-3E16-4DD2-B713-D2A8B9A3A39C}.Release|x64.Build.0 = Release|x64
		{1444DA10-3E16-4DD2-B713-D2A8B9A3A39C}.Release|x86.ActiveCfg = Release|Win32
		{1444DA10-3E16-4DD2-B713-D2A8B9A3A39C}.Release|x86.Build.0 = Release|Win32
	EndGlobalSection
	GlobalSection(SolutionProperties) = preSolution
		HideSolutionNode = FALSE
	EndGlobalSection
	GlobalSection(ExtensibilityGlobals) = postSolution
		SolutionGuid = {9530E4B9-B050-42BA-956D-9187DB5E64AC}
	EndGlobalSection
EndGlobal
