
Microsoft Visual Studio Solution File, Format Version 12.00
# Visual Studio Version 17
VisualStudioVersion = 17.7.34202.233
MinimumVisualStudioVersion = 10.0.40219.1
Project("{8BC9CEB8-8B4A-11D0-8D11-00A0C91BC942}") = "vasmak49", "vasmak49.vcxproj", "{487BA62C-6FB9-486F-A5AE-5CB4E62DBB56}"
EndProject
Global
	GlobalSection(SolutionConfigurationPlatforms) = preSolution
		Debug|x64 = Debug|x64
		Debug|x86 = Debug|x86
		Release|x64 = Release|x64
		Release|x86 = Release|x86
	EndGlobalSection
	GlobalSection(ProjectConfigurationPlatforms) = postSolution
		{487BA62C-6FB9-486F-A5AE-5CB4E62DBB56}.Debug|x64.ActiveCfg = Debug|x64
		{487BA62C-6FB9-486F-A5AE-5CB4E62DBB56}.Debug|x64.Build.0 = Debug|x64
		{487BA62C-6FB9-486F-A5AE-5CB4E62DBB56}.Debug|x86.ActiveCfg = Debug|Win32
		{487BA62C-6FB9-486F-A5AE-5CB4E62DBB56}.Debug|x86.Build.0 = Debug|Win32
		{487BA62C-6FB9-486F-A5AE-5CB4E62DBB56}.Release|x64.ActiveCfg = Release|x64
		{487BA62C-6FB9-486F-A5AE-5CB4E62DBB56}.Release|x64.Build.0 = Release|x64
		{487BA62C-6FB9-486F-A5AE-5CB4E62DBB56}.Release|x86.ActiveCfg = Release|Win32
		{487BA62C-6FB9-486F-A5AE-5CB4E62DBB56}.Release|x86.Build.0 = Release|Win32
	EndGlobalSection
	GlobalSection(SolutionProperties) = preSolution
		HideSolutionNode = FALSE
	EndGlobalSection
	GlobalSection(ExtensibilityGlobals) = postSolution
		SolutionGuid = {C81DDC13-C5D3-4177-91B7-5A18AB740243}
	EndGlobalSection
EndGlobal
